{
  "object": {
    "pins": [
      {
        "package": "SwiftUIPrint",
        "repositoryURL": "https://github.com/wolfmcnally/SwiftUIPrint.git",
        "state": {
          "branch": null,
          "revision": "274fc0daf0678537e18f8933661962a8b64d9018",
          "version": "1.0.4"
        }
      }
    ]
  },
  "version": 1
}
