{
  "object": {
    "pins": [
      {
        "package": "SwiftUIPrint",
        "repositoryURL": "https://github.com/wolfmcnally/SwiftUIPrint.git",
        "state": {
          "branch": null,
          "revision": "07f4635f44b24d96fd2b983d00d71cb5251b0649",
          "version": "1.0.2"
        }
      }
    ]
  },
  "version": 1
}
