{
  "object": {
    "pins": [
      {
        "package": "SwiftUIPrint",
        "repositoryURL": "https://github.com/wolfmcnally/SwiftUIPrint.git",
        "state": {
          "branch": null,
          "revision": "5b3b83c044752ab4f9741b259f8030c93014ca7e",
          "version": "1.0.3"
        }
      }
    ]
  },
  "version": 1
}
